// !$*UTF8*$!
{
	archiveVersion = 1;
	classes = {
	};
	objectVersion = 46;
	objects = {

/* Begin PBXBuildFile section */
		6935E62416AD3885007DB978 /* TestClass.cpp in Sources */ = {isa = PBXBuildFile; fileRef = 6935E62216AD3885007DB978 /* TestClass.cpp */; };
		6935E62816AD3988007DB978 /* DerivedClass.cpp in Sources */ = {isa = PBXBuildFile; fileRef = 6935E62616AD3988007DB978 /* DerivedClass.cpp */; };
		69D51C1515D8FF76004069AF /* main.cpp in Sources */ = {isa = PBXBuildFile; fileRef = 69D51C1415D8FF76004069AF /* main.cpp */; };
		69D51C1715D8FF76004069AF /* cpptest.1 in CopyFiles */ = {isa = PBXBuildFile; fileRef = 69D51C1615D8FF76004069AF /* cpptest.1 */; };
/* End PBXBuildFile section */

/* Begin PBXCopyFilesBuildPhase section */
		69D51C0E15D8FF76004069AF /* CopyFiles */ = {
			isa = PBXCopyFilesBuildPhase;
			buildActionMask = 2147483647;
			dstPath = /usr/share/man/man1/;
			dstSubfolderSpec = 0;
			files = (
				69D51C1715D8FF76004069AF /* cpptest.1 in CopyFiles */,
			);
			runOnlyForDeploymentPostprocessing = 1;
		};
/* End PBXCopyFilesBuildPhase section */

/* Begin PBXFileReference section */
		6935E62216AD3885007DB978 /* TestClass.cpp */ = {isa = PBXFileReference; fileEncoding = 4; lastKnownFileType = sourcecode.cpp.cpp; path = TestClass.cpp; sourceTree = "<group>"; };
		6935E62316AD3885007DB978 /* TestClass.h */ = {isa = PBXFileReference; fileEncoding = 4; lastKnownFileType = sourcecode.c.h; path = TestClass.h; sourceTree = "<group>"; };
		6935E62616AD3988007DB978 /* DerivedClass.cpp */ = {isa = PBXFileReference; fileEncoding = 4; lastKnownFileType = sourcecode.cpp.cpp; path = DerivedClass.cpp; sourceTree = "<group>"; };
		6935E62716AD3988007DB978 /* DerivedClass.h */ = {isa = PBXFileReference; fileEncoding = 4; lastKnownFileType = sourcecode.c.h; path = DerivedClass.h; sourceTree = "<group>"; };
		69D51C1015D8FF76004069AF /* cpptest */ = {isa = PBXFileReference; explicitFileType = "compiled.mach-o.executable"; includeInIndex = 0; path = cpptest; sourceTree = BUILT_PRODUCTS_DIR; };
		69D51C1415D8FF76004069AF /* main.cpp */ = {isa = PBXFileReference; lastKnownFileType = sourcecode.cpp.cpp; path = main.cpp; sourceTree = "<group>"; };
		69D51C1615D8FF76004069AF /* cpptest.1 */ = {isa = PBXFileReference; lastKnownFileType = text.man; path = cpptest.1; sourceTree = "<group>"; };
/* End PBXFileReference section */

/* Begin PBXFrameworksBuildPhase section */
		69D51C0D15D8FF76004069AF /* Frameworks */ = {
			isa = PBXFrameworksBuildPhase;
			buildActionMask = 2147483647;
			files = (
			);
			runOnlyForDeploymentPostprocessing = 0;
		};
/* End PBXFrameworksBuildPhase section */

/* Begin PBXGroup section */
		69D51C0515D8FF76004069AF = {
			isa = PBXGroup;
			children = (
				69D51C1315D8FF76004069AF /* cpptest */,
				69D51C1115D8FF76004069AF /* Products */,
			);
			sourceTree = "<group>";
		};
		69D51C1115D8FF76004069AF /* Products */ = {
			isa = PBXGroup;
			children = (
				69D51C1015D8FF76004069AF /* cpptest */,
			);
			name = Products;
			sourceTree = "<group>";
		};
		69D51C1315D8FF76004069AF /* cpptest */ = {
			isa = PBXGroup;
			children = (
				69D51C1415D8FF76004069AF /* main.cpp */,
				69D51C1615D8FF76004069AF /* cpptest.1 */,
				6935E62216AD3885007DB978 /* TestClass.cpp */,
				6935E62316AD3885007DB978 /* TestClass.h */,
				6935E62616AD3988007DB978 /* DerivedClass.cpp */,
				6935E62716AD3988007DB978 /* DerivedClass.h */,
			);
			path = cpptest;
			sourceTree = "<group>";
		};
/* End PBXGroup section */

/* Begin PBXNativeTarget section */
		69D51C0F15D8FF76004069AF /* cpptest */ = {
			isa = PBXNativeTarget;
			buildConfigurationList = 69D51C1A15D8FF76004069AF /* Build configuration list for PBXNativeTarget "cpptest" */;
			buildPhases = (
				69D51C0C15D8FF76004069AF /* Sources */,
				69D51C0D15D8FF76004069AF /* Frameworks */,
				69D51C0E15D8FF76004069AF /* CopyFiles */,
			);
			buildRules = (
			);
			dependencies = (
			);
			name = cpptest;
			productName = cpptest;
			productReference = 69D51C1015D8FF76004069AF /* cpptest */;
			productType = "com.apple.product-type.tool";
		};
/* End PBXNativeTarget section */

/* Begin PBXProject section */
		69D51C0715D8FF76004069AF /* Project object */ = {
			isa = PBXProject;
			attributes = {
				LastUpgradeCheck = 0440;
				ORGANIZATIONNAME = "Merck Hung";
			};
			buildConfigurationList = 69D51C0A15D8FF76004069AF /* Build configuration list for PBXProject "cpptest" */;
			compatibilityVersion = "Xcode 3.2";
			developmentRegion = English;
			hasScannedForEncodings = 0;
			knownRegions = (
				en,
			);
			mainGroup = 69D51C0515D8FF76004069AF;
			productRefGroup = 69D51C1115D8FF76004069AF /* Products */;
			projectDirPath = "";
			projectRoot = "";
			targets = (
				69D51C0F15D8FF76004069AF /* cpptest */,
			);
		};
/* End PBXProject section */

/* Begin PBXSourcesBuildPhase section */
		69D51C0C15D8FF76004069AF /* Sources */ = {
			isa = PBXSourcesBuildPhase;
			buildActionMask = 2147483647;
			files = (
				69D51C1515D8FF76004069AF /* main.cpp in Sources */,
				6935E62416AD3885007DB978 /* TestClass.cpp in Sources */,
				6935E62816AD3988007DB978 /* DerivedClass.cpp in Sources */,
			);
			runOnlyForDeploymentPostprocessing = 0;
		};
/* End PBXSourcesBuildPhase section */

/* Begin XCBuildConfiguration section */
		69D51C1815D8FF76004069AF /* Debug */ = {
			isa = XCBuildConfiguration;
			buildSettings = {
				ALWAYS_SEARCH_USER_PATHS = NO;
				ARCHS = "$(ARCHS_STANDARD_64_BIT)";
				CLANG_CXX_LANGUAGE_STANDARD = "gnu++0x";
				CLANG_ENABLE_OBJC_ARC = YES;
				CLANG_WARN__DUPLICATE_METHOD_MATCH = YES;
				COPY_PHASE_STRIP = NO;
				GCC_C_LANGUAGE_STANDARD = gnu99;
				GCC_DYNAMIC_NO_PIC = NO;
				GCC_ENABLE_OBJC_EXCEPTIONS = YES;
				GCC_OPTIMIZATION_LEVEL = 0;
				GCC_PREPROCESSOR_DEFINITIONS = (
					"DEBUG=1",
					"$(inherited)",
				);
				GCC_SYMBOLS_PRIVATE_EXTERN = NO;
				GCC_WARN_64_TO_32_BIT_CONVERSION = YES;
				GCC_WARN_ABOUT_RETURN_TYPE = YES;
				GCC_WARN_UNINITIALIZED_AUTOS = YES;
				GCC_WARN_UNUSED_VARIABLE = YES;
				MACOSX_DEPLOYMENT_TARGET = 10.8;
				ONLY_ACTIVE_ARCH = YES;
				SDKROOT = macosx;
			};
			name = Debug;
		};
		69D51C1915D8FF76004069AF /* Release */ = {
			isa = XCBuildConfiguration;
			buildSettings = {
				ALWAYS_SEARCH_USER_PATHS = NO;
				ARCHS = "$(ARCHS_STANDARD_64_BIT)";
				CLANG_CXX_LANGUAGE_STANDARD = "gnu++0x";
				CLANG_ENABLE_OBJC_ARC = YES;
				CLANG_WARN__DUPLICATE_METHOD_MATCH = YES;
				COPY_PHASE_STRIP = YES;
				DEBUG_INFORMATION_FORMAT = "dwarf-with-dsym";
				GCC_C_LANGUAGE_STANDARD = gnu99;
				GCC_ENABLE_OBJC_EXCEPTIONS = YES;
				GCC_WARN_64_TO_32_BIT_CONVERSION = YES;
				GCC_WARN_ABOUT_RETURN_TYPE = YES;
				GCC_WARN_UNINITIALIZED_AUTOS = YES;
				GCC_WARN_UNUSED_VARIABLE = YES;
				MACOSX_DEPLOYMENT_TARGET = 10.8;
				SDKROOT = macosx;
			};
			name = Release;
		};
		69D51C1B15D8FF76004069AF /* Debug */ = {
			isa = XCBuildConfiguration;
			buildSettings = {
				PRODUCT_NAME = "$(TARGET_NAME)";
			};
			name = Debug;
		};
		69D51C1C15D8FF76004069AF /* Release */ = {
			isa = XCBuildConfiguration;
			buildSettings = {
				PRODUCT_NAME = "$(TARGET_NAME)";
			};
			name = Release;
		};
/* End XCBuildConfiguration section */

/* Begin XCConfigurationList section */
		69D51C0A15D8FF76004069AF /* Build configuration list for PBXProject "cpptest" */ = {
			isa = XCConfigurationList;
			buildConfigurations = (
				69D51C1815D8FF76004069AF /* Debug */,
				69D51C1915D8FF76004069AF /* Release */,
			);
			defaultConfigurationIsVisible = 0;
			defaultConfigurationName = Release;
		};
		69D51C1A15D8FF76004069AF /* Build configuration list for PBXNativeTarget "cpptest" */ = {
			isa = XCConfigurationList;
			buildConfigurations = (
				69D51C1B15D8FF76004069AF /* Debug */,
				69D51C1C15D8FF76004069AF /* Release */,
			);
			defaultConfigurationIsVisible = 0;
			defaultConfigurationName = Release;
		};
/* End XCConfigurationList section */
	};
	rootObject = 69D51C0715D8FF76004069AF /* Project object */;
}
