// !$*UTF8*$!
{
	archiveVersion = 1;
	classes = {
	};
	objectVersion = 46;
	objects = {

/* Begin PBXBuildFile section */
		6917FB2214F2083A00FACB2B /* endian.c in Sources */ = {isa = PBXBuildFile; fileRef = 6917FB2114F2083A00FACB2B /* endian.c */; };
		6917FB2414F2083A00FACB2B /* endian.1 in CopyFiles */ = {isa = PBXBuildFile; fileRef = 6917FB2314F2083A00FACB2B /* endian.1 */; };
/* End PBXBuildFile section */

/* Begin PBXCopyFilesBuildPhase section */
		6917FB1B14F2083A00FACB2B /* CopyFiles */ = {
			isa = PBXCopyFilesBuildPhase;
			buildActionMask = 2147483647;
			dstPath = /usr/share/man/man1/;
			dstSubfolderSpec = 0;
			files = (
				6917FB2414F2083A00FACB2B /* endian.1 in CopyFiles */,
			);
			runOnlyForDeploymentPostprocessing = 1;
		};
/* End PBXCopyFilesBuildPhase section */

/* Begin PBXFileReference section */
		6917FB1D14F2083A00FACB2B /* endian */ = {isa = PBXFileReference; explicitFileType = "compiled.mach-o.executable"; includeInIndex = 0; path = endian; sourceTree = BUILT_PRODUCTS_DIR; };
		6917FB2114F2083A00FACB2B /* endian.c */ = {isa = PBXFileReference; lastKnownFileType = sourcecode.c.c; path = endian.c; sourceTree = "<group>"; };
		6917FB2314F2083A00FACB2B /* endian.1 */ = {isa = PBXFileReference; lastKnownFileType = text.man; path = endian.1; sourceTree = "<group>"; };
/* End PBXFileReference section */

/* Begin PBXFrameworksBuildPhase section */
		6917FB1A14F2083A00FACB2B /* Frameworks */ = {
			isa = PBXFrameworksBuildPhase;
			buildActionMask = 2147483647;
			files = (
			);
			runOnlyForDeploymentPostprocessing = 0;
		};
/* End PBXFrameworksBuildPhase section */

/* Begin PBXGroup section */
		6917FB1214F2083A00FACB2B = {
			isa = PBXGroup;
			children = (
				6917FB2014F2083A00FACB2B /* endian */,
				6917FB1E14F2083A00FACB2B /* Products */,
			);
			sourceTree = "<group>";
		};
		6917FB1E14F2083A00FACB2B /* Products */ = {
			isa = PBXGroup;
			children = (
				6917FB1D14F2083A00FACB2B /* endian */,
			);
			name = Products;
			sourceTree = "<group>";
		};
		6917FB2014F2083A00FACB2B /* endian */ = {
			isa = PBXGroup;
			children = (
				6917FB2114F2083A00FACB2B /* endian.c */,
				6917FB2314F2083A00FACB2B /* endian.1 */,
			);
			path = endian;
			sourceTree = "<group>";
		};
/* End PBXGroup section */

/* Begin PBXNativeTarget section */
		6917FB1C14F2083A00FACB2B /* endian */ = {
			isa = PBXNativeTarget;
			buildConfigurationList = 6917FB2714F2083A00FACB2B /* Build configuration list for PBXNativeTarget "endian" */;
			buildPhases = (
				6917FB1914F2083A00FACB2B /* Sources */,
				6917FB1A14F2083A00FACB2B /* Frameworks */,
				6917FB1B14F2083A00FACB2B /* CopyFiles */,
			);
			buildRules = (
			);
			dependencies = (
			);
			name = endian;
			productName = endian;
			productReference = 6917FB1D14F2083A00FACB2B /* endian */;
			productType = "com.apple.product-type.tool";
		};
/* End PBXNativeTarget section */

/* Begin PBXProject section */
		6917FB1414F2083A00FACB2B /* Project object */ = {
			isa = PBXProject;
			attributes = {
				LastUpgradeCheck = 0420;
			};
			buildConfigurationList = 6917FB1714F2083A00FACB2B /* Build configuration list for PBXProject "endian" */;
			compatibilityVersion = "Xcode 3.2";
			developmentRegion = English;
			hasScannedForEncodings = 0;
			knownRegions = (
				en,
			);
			mainGroup = 6917FB1214F2083A00FACB2B;
			productRefGroup = 6917FB1E14F2083A00FACB2B /* Products */;
			projectDirPath = "";
			projectRoot = "";
			targets = (
				6917FB1C14F2083A00FACB2B /* endian */,
			);
		};
/* End PBXProject section */

/* Begin PBXSourcesBuildPhase section */
		6917FB1914F2083A00FACB2B /* Sources */ = {
			isa = PBXSourcesBuildPhase;
			buildActionMask = 2147483647;
			files = (
				6917FB2214F2083A00FACB2B /* endian.c in Sources */,
			);
			runOnlyForDeploymentPostprocessing = 0;
		};
/* End PBXSourcesBuildPhase section */

/* Begin XCBuildConfiguration section */
		6917FB2514F2083A00FACB2B /* Debug */ = {
			isa = XCBuildConfiguration;
			buildSettings = {
				ALWAYS_SEARCH_USER_PATHS = NO;
				ARCHS = "$(ARCHS_STANDARD_64_BIT)";
				CLANG_ENABLE_OBJC_ARC = YES;
				COPY_PHASE_STRIP = NO;
				GCC_C_LANGUAGE_STANDARD = gnu99;
				GCC_DYNAMIC_NO_PIC = NO;
				GCC_ENABLE_OBJC_EXCEPTIONS = YES;
				GCC_OPTIMIZATION_LEVEL = 0;
				GCC_PREPROCESSOR_DEFINITIONS = (
					"DEBUG=1",
					"$(inherited)",
				);
				GCC_SYMBOLS_PRIVATE_EXTERN = NO;
				GCC_VERSION = com.apple.compilers.llvm.clang.1_0;
				GCC_WARN_64_TO_32_BIT_CONVERSION = YES;
				GCC_WARN_ABOUT_MISSING_PROTOTYPES = YES;
				GCC_WARN_ABOUT_RETURN_TYPE = YES;
				GCC_WARN_UNUSED_VARIABLE = YES;
				MACOSX_DEPLOYMENT_TARGET = 10.7;
				ONLY_ACTIVE_ARCH = YES;
				SDKROOT = macosx;
			};
			name = Debug;
		};
		6917FB2614F2083A00FACB2B /* Release */ = {
			isa = XCBuildConfiguration;
			buildSettings = {
				ALWAYS_SEARCH_USER_PATHS = NO;
				ARCHS = "$(ARCHS_STANDARD_64_BIT)";
				CLANG_ENABLE_OBJC_ARC = YES;
				COPY_PHASE_STRIP = YES;
				DEBUG_INFORMATION_FORMAT = "dwarf-with-dsym";
				GCC_C_LANGUAGE_STANDARD = gnu99;
				GCC_ENABLE_OBJC_EXCEPTIONS = YES;
				GCC_VERSION = com.apple.compilers.llvm.clang.1_0;
				GCC_WARN_64_TO_32_BIT_CONVERSION = YES;
				GCC_WARN_ABOUT_MISSING_PROTOTYPES = YES;
				GCC_WARN_ABOUT_RETURN_TYPE = YES;
				GCC_WARN_UNUSED_VARIABLE = YES;
				MACOSX_DEPLOYMENT_TARGET = 10.7;
				SDKROOT = macosx;
			};
			name = Release;
		};
		6917FB2814F2083A00FACB2B /* Debug */ = {
			isa = XCBuildConfiguration;
			buildSettings = {
				PRODUCT_NAME = "$(TARGET_NAME)";
			};
			name = Debug;
		};
		6917FB2914F2083A00FACB2B /* Release */ = {
			isa = XCBuildConfiguration;
			buildSettings = {
				PRODUCT_NAME = "$(TARGET_NAME)";
			};
			name = Release;
		};
/* End XCBuildConfiguration section */

/* Begin XCConfigurationList section */
		6917FB1714F2083A00FACB2B /* Build configuration list for PBXProject "endian" */ = {
			isa = XCConfigurationList;
			buildConfigurations = (
				6917FB2514F2083A00FACB2B /* Debug */,
				6917FB2614F2083A00FACB2B /* Release */,
			);
			defaultConfigurationIsVisible = 0;
			defaultConfigurationName = Release;
		};
		6917FB2714F2083A00FACB2B /* Build configuration list for PBXNativeTarget "endian" */ = {
			isa = XCConfigurationList;
			buildConfigurations = (
				6917FB2814F2083A00FACB2B /* Debug */,
				6917FB2914F2083A00FACB2B /* Release */,
			);
			defaultConfigurationIsVisible = 0;
		};
/* End XCConfigurationList section */
	};
	rootObject = 6917FB1414F2083A00FACB2B /* Project object */;
}
