// !$*UTF8*$!
{
	archiveVersion = 1;
	classes = {
	};
	objectVersion = 46;
	objects = {

/* Begin PBXBuildFile section */
		699EC19414AD928B00A81995 /* adjacencyList.1 in CopyFiles */ = {isa = PBXBuildFile; fileRef = 699EC19314AD928B00A81995 /* adjacencyList.1 */; };
		699EC19B14AD92A700A81995 /* adjacencyList.cpp in Sources */ = {isa = PBXBuildFile; fileRef = 699EC19A14AD92A700A81995 /* adjacencyList.cpp */; };
/* End PBXBuildFile section */

/* Begin PBXCopyFilesBuildPhase section */
		699EC18B14AD928B00A81995 /* CopyFiles */ = {
			isa = PBXCopyFilesBuildPhase;
			buildActionMask = 2147483647;
			dstPath = /usr/share/man/man1/;
			dstSubfolderSpec = 0;
			files = (
				699EC19414AD928B00A81995 /* adjacencyList.1 in CopyFiles */,
			);
			runOnlyForDeploymentPostprocessing = 1;
		};
/* End PBXCopyFilesBuildPhase section */

/* Begin PBXFileReference section */
		699EC18D14AD928B00A81995 /* adjacencyList */ = {isa = PBXFileReference; explicitFileType = "compiled.mach-o.executable"; includeInIndex = 0; path = adjacencyList; sourceTree = BUILT_PRODUCTS_DIR; };
		699EC19314AD928B00A81995 /* adjacencyList.1 */ = {isa = PBXFileReference; lastKnownFileType = text.man; path = adjacencyList.1; sourceTree = "<group>"; };
		699EC19A14AD92A700A81995 /* adjacencyList.cpp */ = {isa = PBXFileReference; fileEncoding = 4; lastKnownFileType = sourcecode.cpp.cpp; path = adjacencyList.cpp; sourceTree = "<group>"; };
		699EC19C14AD92DB00A81995 /* adjacencyList.h */ = {isa = PBXFileReference; fileEncoding = 4; lastKnownFileType = sourcecode.c.h; path = adjacencyList.h; sourceTree = "<group>"; };
/* End PBXFileReference section */

/* Begin PBXFrameworksBuildPhase section */
		699EC18A14AD928B00A81995 /* Frameworks */ = {
			isa = PBXFrameworksBuildPhase;
			buildActionMask = 2147483647;
			files = (
			);
			runOnlyForDeploymentPostprocessing = 0;
		};
/* End PBXFrameworksBuildPhase section */

/* Begin PBXGroup section */
		699EC18214AD928B00A81995 = {
			isa = PBXGroup;
			children = (
				699EC19014AD928B00A81995 /* adjacencyList */,
				699EC18E14AD928B00A81995 /* Products */,
			);
			sourceTree = "<group>";
		};
		699EC18E14AD928B00A81995 /* Products */ = {
			isa = PBXGroup;
			children = (
				699EC18D14AD928B00A81995 /* adjacencyList */,
			);
			name = Products;
			sourceTree = "<group>";
		};
		699EC19014AD928B00A81995 /* adjacencyList */ = {
			isa = PBXGroup;
			children = (
				699EC19314AD928B00A81995 /* adjacencyList.1 */,
				699EC19A14AD92A700A81995 /* adjacencyList.cpp */,
				699EC19C14AD92DB00A81995 /* adjacencyList.h */,
			);
			path = adjacencyList;
			sourceTree = "<group>";
		};
/* End PBXGroup section */

/* Begin PBXNativeTarget section */
		699EC18C14AD928B00A81995 /* adjacencyList */ = {
			isa = PBXNativeTarget;
			buildConfigurationList = 699EC19714AD928B00A81995 /* Build configuration list for PBXNativeTarget "adjacencyList" */;
			buildPhases = (
				699EC18914AD928B00A81995 /* Sources */,
				699EC18A14AD928B00A81995 /* Frameworks */,
				699EC18B14AD928B00A81995 /* CopyFiles */,
			);
			buildRules = (
			);
			dependencies = (
			);
			name = adjacencyList;
			productName = adjacencyList;
			productReference = 699EC18D14AD928B00A81995 /* adjacencyList */;
			productType = "com.apple.product-type.tool";
		};
/* End PBXNativeTarget section */

/* Begin PBXProject section */
		699EC18414AD928B00A81995 /* Project object */ = {
			isa = PBXProject;
			attributes = {
				LastUpgradeCheck = 0420;
			};
			buildConfigurationList = 699EC18714AD928B00A81995 /* Build configuration list for PBXProject "adjacencyList" */;
			compatibilityVersion = "Xcode 3.2";
			developmentRegion = English;
			hasScannedForEncodings = 0;
			knownRegions = (
				en,
			);
			mainGroup = 699EC18214AD928B00A81995;
			productRefGroup = 699EC18E14AD928B00A81995 /* Products */;
			projectDirPath = "";
			projectRoot = "";
			targets = (
				699EC18C14AD928B00A81995 /* adjacencyList */,
			);
		};
/* End PBXProject section */

/* Begin PBXSourcesBuildPhase section */
		699EC18914AD928B00A81995 /* Sources */ = {
			isa = PBXSourcesBuildPhase;
			buildActionMask = 2147483647;
			files = (
				699EC19B14AD92A700A81995 /* adjacencyList.cpp in Sources */,
			);
			runOnlyForDeploymentPostprocessing = 0;
		};
/* End PBXSourcesBuildPhase section */

/* Begin XCBuildConfiguration section */
		699EC19514AD928B00A81995 /* Debug */ = {
			isa = XCBuildConfiguration;
			buildSettings = {
				ALWAYS_SEARCH_USER_PATHS = NO;
				ARCHS = "$(ARCHS_STANDARD_64_BIT)";
				CLANG_ENABLE_OBJC_ARC = YES;
				COPY_PHASE_STRIP = NO;
				GCC_C_LANGUAGE_STANDARD = gnu99;
				GCC_DYNAMIC_NO_PIC = NO;
				GCC_ENABLE_OBJC_EXCEPTIONS = YES;
				GCC_OPTIMIZATION_LEVEL = 0;
				GCC_PREPROCESSOR_DEFINITIONS = (
					"DEBUG=1",
					"$(inherited)",
				);
				GCC_SYMBOLS_PRIVATE_EXTERN = NO;
				GCC_VERSION = com.apple.compilers.llvm.clang.1_0;
				GCC_WARN_64_TO_32_BIT_CONVERSION = YES;
				GCC_WARN_ABOUT_MISSING_PROTOTYPES = YES;
				GCC_WARN_ABOUT_RETURN_TYPE = YES;
				GCC_WARN_UNUSED_VARIABLE = YES;
				MACOSX_DEPLOYMENT_TARGET = 10.7;
				ONLY_ACTIVE_ARCH = YES;
				SDKROOT = macosx;
			};
			name = Debug;
		};
		699EC19614AD928B00A81995 /* Release */ = {
			isa = XCBuildConfiguration;
			buildSettings = {
				ALWAYS_SEARCH_USER_PATHS = NO;
				ARCHS = "$(ARCHS_STANDARD_64_BIT)";
				CLANG_ENABLE_OBJC_ARC = YES;
				COPY_PHASE_STRIP = YES;
				DEBUG_INFORMATION_FORMAT = "dwarf-with-dsym";
				GCC_C_LANGUAGE_STANDARD = gnu99;
				GCC_ENABLE_OBJC_EXCEPTIONS = YES;
				GCC_VERSION = com.apple.compilers.llvm.clang.1_0;
				GCC_WARN_64_TO_32_BIT_CONVERSION = YES;
				GCC_WARN_ABOUT_MISSING_PROTOTYPES = YES;
				GCC_WARN_ABOUT_RETURN_TYPE = YES;
				GCC_WARN_UNUSED_VARIABLE = YES;
				MACOSX_DEPLOYMENT_TARGET = 10.7;
				SDKROOT = macosx;
			};
			name = Release;
		};
		699EC19814AD928B00A81995 /* Debug */ = {
			isa = XCBuildConfiguration;
			buildSettings = {
				PRODUCT_NAME = "$(TARGET_NAME)";
			};
			name = Debug;
		};
		699EC19914AD928B00A81995 /* Release */ = {
			isa = XCBuildConfiguration;
			buildSettings = {
				PRODUCT_NAME = "$(TARGET_NAME)";
			};
			name = Release;
		};
/* End XCBuildConfiguration section */

/* Begin XCConfigurationList section */
		699EC18714AD928B00A81995 /* Build configuration list for PBXProject "adjacencyList" */ = {
			isa = XCConfigurationList;
			buildConfigurations = (
				699EC19514AD928B00A81995 /* Debug */,
				699EC19614AD928B00A81995 /* Release */,
			);
			defaultConfigurationIsVisible = 0;
			defaultConfigurationName = Release;
		};
		699EC19714AD928B00A81995 /* Build configuration list for PBXNativeTarget "adjacencyList" */ = {
			isa = XCConfigurationList;
			buildConfigurations = (
				699EC19814AD928B00A81995 /* Debug */,
				699EC19914AD928B00A81995 /* Release */,
			);
			defaultConfigurationIsVisible = 0;
		};
/* End XCConfigurationList section */
	};
	rootObject = 699EC18414AD928B00A81995 /* Project object */;
}
